{
  "name": "@zenmux/codex-oauth",
  "version": "0.1.0",
  "lockfileVersion": 3,
  "requires": true,
  "packages": {
    "": {
      "name": "@zenmux/codex-oauth",
      "version": "0.1.0",
      "license": "MIT",
      "bin": {
        "zenmux-codex-auth": "bin/zenmux-codex-auth.mjs"
      },
      "engines": {
        "node": ">=20"
      }
    }
  }
}
